{
  "name": "fgowiki",
  "version": "0.1.0",
  "lockfileVersion": 1,
  "requires": true,
  "dependencies": {
    "@babel/runtime": {
      "version": "7.2.0",
      "resolved": "https://registry.npmjs.org/@babel/runtime/-/runtime-7.2.0.tgz",
      "integrity": "sha512-oouEibCbHMVdZSDlJBO6bZmID/zA/G/Qx3H1d3rSNPTD+L8UNKvCat7aKWSJ74zYbm5zWGh0GQN0hKj8zYFTCg==",
      "requires": {
        "regenerator-runtime": "0.12.1"
      }
    },
    "regenerator-runtime": {
      "version": "0.12.1",
      "resolved": "https://registry.npmjs.org/regenerator-runtime/-/regenerator-runtime-0.12.1.tgz",
      "integrity": "sha512-odxIc1/vDlo4iZcfXqRYFj0vpXFNoGdKMAUieAlFYO6m/nl5e9KR/beGf41z4a1FI+aQgtjhuaSlDxQ0hmkrHg=="
    },
    "vue-route-transition": {
      "version": "1.0.5",
      "resolved": "https://registry.npmjs.org/vue-route-transition/-/vue-route-transition-1.0.5.tgz",
      "integrity": "sha512-lqkQzKsA9FUDHW/yrREjC0qPv+7UZZkZMiWKxS5+YvxxjjR8a2Lhc+uSOiTGCW+pfT5GnPD6yZbq+gwim/TSMA==",
      "requires": {
        "vant": "1.4.8",
        "vue": "2.5.19",
        "vue-router": "3.0.2"
      },
      "dependencies": {
        "vant": {
          "version": "1.4.8",
          "resolved": "https://registry.npmjs.org/vant/-/vant-1.4.8.tgz",
          "integrity": "sha512-SYGd2l16y+gSkB3WfU6wvTOxKvdjy2rTqYM4YHMCr4bLhEp+CbX9ohpDPsZAfpgZFWhFG9joHEvWims5BV6AeQ==",
          "requires": {
            "@babel/runtime": "7.2.0",
            "vue-lazyload": "1.2.3"
          }
        },
        "vue": {
          "version": "2.5.19",
          "resolved": "https://registry.npmjs.org/vue/-/vue-2.5.19.tgz",
          "integrity": "sha512-zs7w/dy/yMTCcUunUl05UHhYEI2bt67R7G2jD42HnJ28JxCtC1FY8zZ9GU4PF2SJP8Ff/B9HyojWk/NztqKfFA=="
        },
        "vue-lazyload": {
          "version": "1.2.3",
          "resolved": "https://registry.npmjs.org/vue-lazyload/-/vue-lazyload-1.2.3.tgz",
          "integrity": "sha512-DC0ZwxanbRhx79tlA3zY5OYJkH8FYp3WBAnAJbrcuoS8eye1P73rcgAZhyxFSPUluJUTelMB+i/+VkNU/qVm7g=="
        },
        "vue-router": {
          "version": "3.0.2",
          "resolved": "https://registry.npmjs.org/vue-router/-/vue-router-3.0.2.tgz",
          "integrity": "sha512-opKtsxjp9eOcFWdp6xLQPLmRGgfM932Tl56U9chYTnoWqKxQ8M20N7AkdEbM5beUh6wICoFGYugAX9vQjyJLFg=="
        }
      }
    }
  }
}
